
Microsoft Visual Studio Solution File, Format Version 11.00
# Visual Studio 2010
Project("{8BC9CEB8-8B4A-11D0-8D11-00A0C91BC942}") = "Events", "Events.vcxproj", "{06BFA69C-4F33-4675-957B-BE5A1D245830}"
EndProject
Global
	GlobalSection(SolutionConfigurationPlatforms) = preSolution
		Debug|Win32 = Debug|Win32
		Release|Win32 = Release|Win32
	EndGlobalSection
	GlobalSection(ProjectConfigurationPlatforms) = postSolution
		{06BFA69C-4F33-4675-957B-BE5A1D245830}.Debug|Win32.ActiveCfg = Debug|Win32
		{06BFA69C-4F33-4675-957B-BE5A1D245830}.Debug|Win32.Build.0 = Debug|Win32
		{06BFA69C-4F33-4675-957B-BE5A1D245830}.Release|Win32.ActiveCfg = Release|Win32
		{06BFA69C-4F33-4675-957B-BE5A1D245830}.Release|Win32.Build.0 = Release|Win32
	EndGlobalSection
	GlobalSection(SolutionProperties) = preSolution
		HideSolutionNode = FALSE
	EndGlobalSection
EndGlobal
